// !$*UTF8*$!
{
	archiveVersion = 1;
	classes = {
	};
	objectVersion = 48;
	objects = {

/* Begin PBXBuildFile section */
		04A6E51B200DA218006256C9 /* AppDelegate.m in Sources */ = {isa = PBXBuildFile; fileRef = 04A6E51A200DA218006256C9 /* AppDelegate.m */; };
		04A6E51E200DA218006256C9 /* ViewController.m in Sources */ = {isa = PBXBuildFile; fileRef = 04A6E51D200DA218006256C9 /* ViewController.m */; };
		04A6E521200DA218006256C9 /* Main.storyboard in Resources */ = {isa = PBXBuildFile; fileRef = 04A6E51F200DA218006256C9 /* Main.storyboard */; };
		04A6E524200DA218006256C9 /* ALBaseProject.xcdatamodeld in Sources */ = {isa = PBXBuildFile; fileRef = 04A6E522200DA218006256C9 /* ALBaseProject.xcdatamodeld */; };
		04A6E526200DA218006256C9 /* Assets.xcassets in Resources */ = {isa = PBXBuildFile; fileRef = 04A6E525200DA218006256C9 /* Assets.xcassets */; };
		04A6E529200DA218006256C9 /* LaunchScreen.storyboard in Resources */ = {isa = PBXBuildFile; fileRef = 04A6E527200DA218006256C9 /* LaunchScreen.storyboard */; };
		04A6E52C200DA218006256C9 /* main.m in Sources */ = {isa = PBXBuildFile; fileRef = 04A6E52B200DA218006256C9 /* main.m */; };
		04A6E536200DA218006256C9 /* ALBaseProjectTests.m in Sources */ = {isa = PBXBuildFile; fileRef = 04A6E535200DA218006256C9 /* ALBaseProjectTests.m */; };
		04A6E541200DA218006256C9 /* ALBaseProjectUITests.m in Sources */ = {isa = PBXBuildFile; fileRef = 04A6E540200DA218006256C9 /* ALBaseProjectUITests.m */; };
		04E741892015840500A7902C /* UIView+RSAdditions.m in Sources */ = {isa = PBXBuildFile; fileRef = 04E741872015840500A7902C /* UIView+RSAdditions.m */; };
		04E7418F201586E900A7902C /* NSDictionary+Safe.m in Sources */ = {isa = PBXBuildFile; fileRef = 04E7418E201586E900A7902C /* NSDictionary+Safe.m */; };
		04E7419320158AC800A7902C /* ALSecurityTextField.m in Sources */ = {isa = PBXBuildFile; fileRef = 04E7419220158AC800A7902C /* ALSecurityTextField.m */; };
		04E7419620158F5900A7902C /* LZHAlertView.m in Sources */ = {isa = PBXBuildFile; fileRef = 04E7419420158F5900A7902C /* LZHAlertView.m */; };
		04E74199201590C000A7902C /* LZHActionSheetView.m in Sources */ = {isa = PBXBuildFile; fileRef = 04E74198201590C000A7902C /* LZHActionSheetView.m */; };
		04E7419D2015918B00A7902C /* ALFuncTooles.m in Sources */ = {isa = PBXBuildFile; fileRef = 04E7419C2015918B00A7902C /* ALFuncTooles.m */; };
		04E741A02015B2F100A7902C /* LZHTextEditView.m in Sources */ = {isa = PBXBuildFile; fileRef = 04E7419E2015B2F100A7902C /* LZHTextEditView.m */; };
		04E741A32015B54200A7902C /* ALPlaceHolderTextView.m in Sources */ = {isa = PBXBuildFile; fileRef = 04E741A22015B54200A7902C /* ALPlaceHolderTextView.m */; };
		04E741A62015B65600A7902C /* LZHDatePickerView.m in Sources */ = {isa = PBXBuildFile; fileRef = 04E741A42015B65500A7902C /* LZHDatePickerView.m */; };
		04E741A92015B91B00A7902C /* LZHStarRatingView.m in Sources */ = {isa = PBXBuildFile; fileRef = 04E741A72015B91B00A7902C /* LZHStarRatingView.m */; };
		04E741B92015CEF700A7902C /* UIScrollView+LZHSimpleFunction.m in Sources */ = {isa = PBXBuildFile; fileRef = 04E741B82015CEF700A7902C /* UIScrollView+LZHSimpleFunction.m */; };
		04E741BD2015CF4600A7902C /* DAYUtils.m in Sources */ = {isa = PBXBuildFile; fileRef = 04E741BC2015CF4600A7902C /* DAYUtils.m */; };
		04E741C02015CF6900A7902C /* DateHelper.m in Sources */ = {isa = PBXBuildFile; fileRef = 04E741BF2015CF6900A7902C /* DateHelper.m */; };
		04E741C32015D09000A7902C /* pinyin.c in Sources */ = {isa = PBXBuildFile; fileRef = 04E741C22015D09000A7902C /* pinyin.c */; };
		04E741C92015D41900A7902C /* HTTPClient.m in Sources */ = {isa = PBXBuildFile; fileRef = 04E741C82015D41900A7902C /* HTTPClient.m */; };
		04E741CC2015D46E00A7902C /* AlertHelper.m in Sources */ = {isa = PBXBuildFile; fileRef = 04E741CA2015D46E00A7902C /* AlertHelper.m */; };
		04E741D12015D95A00A7902C /* CopyLabel.m in Sources */ = {isa = PBXBuildFile; fileRef = 04E741D02015D95A00A7902C /* CopyLabel.m */; };
		04E741D42015D9DE00A7902C /* ALLocalAreaPickerView.m in Sources */ = {isa = PBXBuildFile; fileRef = 04E741D32015D9DE00A7902C /* ALLocalAreaPickerView.m */; };
		04E741D92015DBB700A7902C /* 城市.txt in Resources */ = {isa = PBXBuildFile; fileRef = 04E741D62015DBB600A7902C /* 城市.txt */; };
		04E741DA2015DBB700A7902C /* 县区.txt in Resources */ = {isa = PBXBuildFile; fileRef = 04E741D72015DBB600A7902C /* 县区.txt */; };
		04E741DB2015DBB700A7902C /* 省份.txt in Resources */ = {isa = PBXBuildFile; fileRef = 04E741D82015DBB600A7902C /* 省份.txt */; };
		04E741ED2015DE6200A7902C /* TAAbstractDotView.m in Sources */ = {isa = PBXBuildFile; fileRef = 04E741E02015DE6200A7902C /* TAAbstractDotView.m */; };
		04E741EE2015DE6200A7902C /* TAAnimatedDotView.m in Sources */ = {isa = PBXBuildFile; fileRef = 04E741E22015DE6200A7902C /* TAAnimatedDotView.m */; };
		04E741EF2015DE6200A7902C /* TADotView.m in Sources */ = {isa = PBXBuildFile; fileRef = 04E741E42015DE6200A7902C /* TADotView.m */; };
		04E741F02015DE6200A7902C /* TAPageControl.m in Sources */ = {isa = PBXBuildFile; fileRef = 04E741E62015DE6200A7902C /* TAPageControl.m */; };
		04E741F12015DE6200A7902C /* SDCollectionViewCell.m in Sources */ = {isa = PBXBuildFile; fileRef = 04E741E82015DE6200A7902C /* SDCollectionViewCell.m */; };
		04E741F22015DE6200A7902C /* SDCycleScrollView.m in Sources */ = {isa = PBXBuildFile; fileRef = 04E741EA2015DE6200A7902C /* SDCycleScrollView.m */; };
		04E741F32015DE6200A7902C /* UIView+SDExtension.m in Sources */ = {isa = PBXBuildFile; fileRef = 04E741EC2015DE6200A7902C /* UIView+SDExtension.m */; };
		04E741F62015DEDF00A7902C /* LZHAppGuideView.m in Sources */ = {isa = PBXBuildFile; fileRef = 04E741F52015DEDF00A7902C /* LZHAppGuideView.m */; };
		04E741F92015DF1B00A7902C /* LZHLunchAdvView.m in Sources */ = {isa = PBXBuildFile; fileRef = 04E741F72015DF1B00A7902C /* LZHLunchAdvView.m */; };
		04E741FC2015DF7400A7902C /* WaterFlowCollectionViewLayout.m in Sources */ = {isa = PBXBuildFile; fileRef = 04E741FA2015DF7400A7902C /* WaterFlowCollectionViewLayout.m */; };
		04E741FF2015DFC200A7902C /* ALCountTextField.m in Sources */ = {isa = PBXBuildFile; fileRef = 04E741FE2015DFC200A7902C /* ALCountTextField.m */; };
		04E742072015E05B00A7902C /* LZHTagCollectionFlowLayout.m in Sources */ = {isa = PBXBuildFile; fileRef = 04E742012015E05A00A7902C /* LZHTagCollectionFlowLayout.m */; };
		04E742082015E05B00A7902C /* LZHTagCollectionViewCell.m in Sources */ = {isa = PBXBuildFile; fileRef = 04E742032015E05A00A7902C /* LZHTagCollectionViewCell.m */; };
		04E742092015E05B00A7902C /* LZHTagCollectionView.m in Sources */ = {isa = PBXBuildFile; fileRef = 04E742052015E05B00A7902C /* LZHTagCollectionView.m */; };
		04E7420D2015E2FB00A7902C /* PhotoBrowser.m in Sources */ = {isa = PBXBuildFile; fileRef = 04E7420C2015E2FB00A7902C /* PhotoBrowser.m */; };
		04E742122015E37700A7902C /* LocationService.m in Sources */ = {isa = PBXBuildFile; fileRef = 04E742102015E37700A7902C /* LocationService.m */; };
		04E742132015E37700A7902C /* CLLocation+Sino.m in Sources */ = {isa = PBXBuildFile; fileRef = 04E742112015E37700A7902C /* CLLocation+Sino.m */; };
		04E742162015E4C600A7902C /* LZHCustomPickerView.m in Sources */ = {isa = PBXBuildFile; fileRef = 04E742152015E4C600A7902C /* LZHCustomPickerView.m */; };
		04E742192015E4E600A7902C /* LZHMutiSortSelectView.m in Sources */ = {isa = PBXBuildFile; fileRef = 04E742172015E4E500A7902C /* LZHMutiSortSelectView.m */; };
		04E7421C2015E5B600A7902C /* MusicPlayerView.m in Sources */ = {isa = PBXBuildFile; fileRef = 04E7421A2015E5B600A7902C /* MusicPlayerView.m */; };
		04E742512015E5F700A7902C /* LZHMutiSortSelectTableViewCell.m in Sources */ = {isa = PBXBuildFile; fileRef = 04E7424F2015E5F700A7902C /* LZHMutiSortSelectTableViewCell.m */; };
		04E742522015E5F700A7902C /* LZHMutiSortSelectTableViewCell.xib in Resources */ = {isa = PBXBuildFile; fileRef = 04E742502015E5F700A7902C /* LZHMutiSortSelectTableViewCell.xib */; };
		04E742562015E68600A7902C /* libxml2.tbd in Frameworks */ = {isa = PBXBuildFile; fileRef = 04E742552015E68600A7902C /* libxml2.tbd */; };
		04E742582015E6C700A7902C /* libc++.tbd in Frameworks */ = {isa = PBXBuildFile; fileRef = 04E742572015E6C700A7902C /* libc++.tbd */; };
		04E742812015E80B00A7902C /* audio_queue.cpp in Sources */ = {isa = PBXBuildFile; fileRef = 04E7425D2015E80B00A7902C /* audio_queue.cpp */; };
		04E742822015E80B00A7902C /* audio_stream.cpp in Sources */ = {isa = PBXBuildFile; fileRef = 04E7425F2015E80B00A7902C /* audio_stream.cpp */; };
		04E742832015E80B00A7902C /* caching_stream.cpp in Sources */ = {isa = PBXBuildFile; fileRef = 04E742612015E80B00A7902C /* caching_stream.cpp */; };
		04E742842015E80B00A7902C /* file_output.cpp in Sources */ = {isa = PBXBuildFile; fileRef = 04E742632015E80B00A7902C /* file_output.cpp */; };
		04E742852015E80B00A7902C /* file_stream.cpp in Sources */ = {isa = PBXBuildFile; fileRef = 04E742652015E80B00A7902C /* file_stream.cpp */; };
		04E742862015E80B00A7902C /* FSAudioController.m in Sources */ = {isa = PBXBuildFile; fileRef = 04E742692015E80B00A7902C /* FSAudioController.m */; };
		04E742872015E80B00A7902C /* FSAudioStream.mm in Sources */ = {isa = PBXBuildFile; fileRef = 04E7426B2015E80B00A7902C /* FSAudioStream.mm */; };
		04E742882015E80B00A7902C /* FSCheckContentTypeRequest.m in Sources */ = {isa = PBXBuildFile; fileRef = 04E7426D2015E80B00A7902C /* FSCheckContentTypeRequest.m */; };
		04E742892015E80B00A7902C /* FSParsePlaylistRequest.m in Sources */ = {isa = PBXBuildFile; fileRef = 04E7426F2015E80B00A7902C /* FSParsePlaylistRequest.m */; };
		04E7428A2015E80B00A7902C /* FSParseRssPodcastFeedRequest.m in Sources */ = {isa = PBXBuildFile; fileRef = 04E742712015E80B00A7902C /* FSParseRssPodcastFeedRequest.m */; };
		04E7428B2015E80B00A7902C /* FSPlaylistItem.m in Sources */ = {isa = PBXBuildFile; fileRef = 04E742732015E80B00A7902C /* FSPlaylistItem.m */; };
		04E7428C2015E80B00A7902C /* FSXMLHttpRequest.m in Sources */ = {isa = PBXBuildFile; fileRef = 04E742752015E80B00A7902C /* FSXMLHttpRequest.m */; };
		04E7428D2015E80B00A7902C /* http_stream.cpp in Sources */ = {isa = PBXBuildFile; fileRef = 04E742762015E80B00A7902C /* http_stream.cpp */; };
		04E7428E2015E80B00A7902C /* id3_parser.cpp in Sources */ = {isa = PBXBuildFile; fileRef = 04E742782015E80B00A7902C /* id3_parser.cpp */; };
		04E7428F2015E80B00A7902C /* Info.plist in Resources */ = {isa = PBXBuildFile; fileRef = 04E7427A2015E80B00A7902C /* Info.plist */; };
		04E742902015E80B00A7902C /* input_stream.cpp in Sources */ = {isa = PBXBuildFile; fileRef = 04E7427B2015E80B00A7902C /* input_stream.cpp */; };
		04E742912015E80B00A7902C /* Reachability.m in Sources */ = {isa = PBXBuildFile; fileRef = 04E7427E2015E80B00A7902C /* Reachability.m */; };
		04E742922015E80B00A7902C /* stream_configuration.cpp in Sources */ = {isa = PBXBuildFile; fileRef = 04E7427F2015E80B00A7902C /* stream_configuration.cpp */; };
		26617CD89ABFDAA959FF3CF0 /* Pods_ALBaseProject.framework in Frameworks */ = {isa = PBXBuildFile; fileRef = C42577677F48993D40D03E7F /* Pods_ALBaseProject.framework */; };
		75BDE7AE204403BF00B03434 /* LZHTabCollectionViewController.xib in Resources */ = {isa = PBXBuildFile; fileRef = 75BDE7AB204403BE00B03434 /* LZHTabCollectionViewController.xib */; };
		75BDE7AF204403BF00B03434 /* LZHTabCollectionViewController.m in Sources */ = {isa = PBXBuildFile; fileRef = 75BDE7AD204403BF00B03434 /* LZHTabCollectionViewController.m */; };
/* End PBXBuildFile section */

/* Begin PBXContainerItemProxy section */
		04A6E532200DA218006256C9 /* PBXContainerItemProxy */ = {
			isa = PBXContainerItemProxy;
			containerPortal = 04A6E50E200DA218006256C9 /* Project object */;
			proxyType = 1;
			remoteGlobalIDString = 04A6E515200DA218006256C9;
			remoteInfo = ALBaseProject;
		};
		04A6E53D200DA218006256C9 /* PBXContainerItemProxy */ = {
			isa = PBXContainerItemProxy;
			containerPortal = 04A6E50E200DA218006256C9 /* Project object */;
			proxyType = 1;
			remoteGlobalIDString = 04A6E515200DA218006256C9;
			remoteInfo = ALBaseProject;
		};
/* End PBXContainerItemProxy section */

/* Begin PBXFileReference section */
		04A6E516200DA218006256C9 /* ALBaseProject.app */ = {isa = PBXFileReference; explicitFileType = wrapper.application; includeInIndex = 0; path = ALBaseProject.app; sourceTree = BUILT_PRODUCTS_DIR; };
		04A6E519200DA218006256C9 /* AppDelegate.h */ = {isa = PBXFileReference; lastKnownFileType = sourcecode.c.h; path = AppDelegate.h; sourceTree = "<group>"; };
		04A6E51A200DA218006256C9 /* AppDelegate.m */ = {isa = PBXFileReference; lastKnownFileType = sourcecode.c.objc; path = AppDelegate.m; sourceTree = "<group>"; };
		04A6E51C200DA218006256C9 /* ViewController.h */ = {isa = PBXFileReference; lastKnownFileType = sourcecode.c.h; path = ViewController.h; sourceTree = "<group>"; };
		04A6E51D200DA218006256C9 /* ViewController.m */ = {isa = PBXFileReference; lastKnownFileType = sourcecode.c.objc; path = ViewController.m; sourceTree = "<group>"; };
		04A6E520200DA218006256C9 /* Base */ = {isa = PBXFileReference; lastKnownFileType = file.storyboard; name = Base; path = Base.lproj/Main.storyboard; sourceTree = "<group>"; };
		04A6E523200DA218006256C9 /* ALBaseProject.xcdatamodel */ = {isa = PBXFileReference; lastKnownFileType = wrapper.xcdatamodel; path = ALBaseProject.xcdatamodel; sourceTree = "<group>"; };
		04A6E525200DA218006256C9 /* Assets.xcassets */ = {isa = PBXFileReference; lastKnownFileType = folder.assetcatalog; path = Assets.xcassets; sourceTree = "<group>"; };
		04A6E528200DA218006256C9 /* Base */ = {isa = PBXFileReference; lastKnownFileType = file.storyboard; name = Base; path = Base.lproj/LaunchScreen.storyboard; sourceTree = "<group>"; };
		04A6E52A200DA218006256C9 /* Info.plist */ = {isa = PBXFileReference; lastKnownFileType = text.plist.xml; path = Info.plist; sourceTree = "<group>"; };
		04A6E52B200DA218006256C9 /* main.m */ = {isa = PBXFileReference; lastKnownFileType = sourcecode.c.objc; path = main.m; sourceTree = "<group>"; };
		04A6E531200DA218006256C9 /* ALBaseProjectTests.xctest */ = {isa = PBXFileReference; explicitFileType = wrapper.cfbundle; includeInIndex = 0; path = ALBaseProjectTests.xctest; sourceTree = BUILT_PRODUCTS_DIR; };
		04A6E535200DA218006256C9 /* ALBaseProjectTests.m */ = {isa = PBXFileReference; lastKnownFileType = sourcecode.c.objc; path = ALBaseProjectTests.m; sourceTree = "<group>"; };
		04A6E537200DA218006256C9 /* Info.plist */ = {isa = PBXFileReference; lastKnownFileType = text.plist.xml; path = Info.plist; sourceTree = "<group>"; };
		04A6E53C200DA218006256C9 /* ALBaseProjectUITests.xctest */ = {isa = PBXFileReference; explicitFileType = wrapper.cfbundle; includeInIndex = 0; path = ALBaseProjectUITests.xctest; sourceTree = BUILT_PRODUCTS_DIR; };
		04A6E540200DA218006256C9 /* ALBaseProjectUITests.m */ = {isa = PBXFileReference; lastKnownFileType = sourcecode.c.objc; path = ALBaseProjectUITests.m; sourceTree = "<group>"; };
		04A6E542200DA218006256C9 /* Info.plist */ = {isa = PBXFileReference; lastKnownFileType = text.plist.xml; path = Info.plist; sourceTree = "<group>"; };
		04E741852015834E00A7902C /* PrefixHeader.pch */ = {isa = PBXFileReference; lastKnownFileType = sourcecode.c.h; path = PrefixHeader.pch; sourceTree = "<group>"; };
		04E741872015840500A7902C /* UIView+RSAdditions.m */ = {isa = PBXFileReference; fileEncoding = 4; lastKnownFileType = sourcecode.c.objc; path = "UIView+RSAdditions.m"; sourceTree = "<group>"; };
		04E741882015840500A7902C /* UIView+RSAdditions.h */ = {isa = PBXFileReference; fileEncoding = 4; lastKnownFileType = sourcecode.c.h; path = "UIView+RSAdditions.h"; sourceTree = "<group>"; };
		04E7418A2015842F00A7902C /* ALConfig.h */ = {isa = PBXFileReference; lastKnownFileType = sourcecode.c.h; path = ALConfig.h; sourceTree = "<group>"; };
		04E7418D201586E900A7902C /* NSDictionary+Safe.h */ = {isa = PBXFileReference; fileEncoding = 4; lastKnownFileType = sourcecode.c.h; path = "NSDictionary+Safe.h"; sourceTree = "<group>"; };
		04E7418E201586E900A7902C /* NSDictionary+Safe.m */ = {isa = PBXFileReference; fileEncoding = 4; lastKnownFileType = sourcecode.c.objc; path = "NSDictionary+Safe.m"; sourceTree = "<group>"; };
		04E7419020158A2000A7902C /* ColorDefine.h */ = {isa = PBXFileReference; lastKnownFileType = sourcecode.c.h; path = ColorDefine.h; sourceTree = "<group>"; };
		04E7419120158AC800A7902C /* ALSecurityTextField.h */ = {isa = PBXFileReference; lastKnownFileType = sourcecode.c.h; path = ALSecurityTextField.h; sourceTree = "<group>"; };
		04E7419220158AC800A7902C /* ALSecurityTextField.m */ = {isa = PBXFileReference; lastKnownFileType = sourcecode.c.objc; path = ALSecurityTextField.m; sourceTree = "<group>"; };
		04E7419420158F5900A7902C /* LZHAlertView.m */ = {isa = PBXFileReference; fileEncoding = 4; lastKnownFileType = sourcecode.c.objc; path = LZHAlertView.m; sourceTree = "<group>"; };
		04E7419520158F5900A7902C /* LZHAlertView.h */ = {isa = PBXFileReference; fileEncoding = 4; lastKnownFileType = sourcecode.c.h; path = LZHAlertView.h; sourceTree = "<group>"; };
		04E74197201590C000A7902C /* LZHActionSheetView.h */ = {isa = PBXFileReference; fileEncoding = 4; lastKnownFileType = sourcecode.c.h; path = LZHActionSheetView.h; sourceTree = "<group>"; };
		04E74198201590C000A7902C /* LZHActionSheetView.m */ = {isa = PBXFileReference; fileEncoding = 4; lastKnownFileType = sourcecode.c.objc; path = LZHActionSheetView.m; sourceTree = "<group>"; };
		04E7419B2015918B00A7902C /* ALFuncTooles.h */ = {isa = PBXFileReference; lastKnownFileType = sourcecode.c.h; path = ALFuncTooles.h; sourceTree = "<group>"; };
		04E7419C2015918B00A7902C /* ALFuncTooles.m */ = {isa = PBXFileReference; lastKnownFileType = sourcecode.c.objc; path = ALFuncTooles.m; sourceTree = "<group>"; };
		04E7419E2015B2F100A7902C /* LZHTextEditView.m */ = {isa = PBXFileReference; fileEncoding = 4; lastKnownFileType = sourcecode.c.objc; path = LZHTextEditView.m; sourceTree = "<group>"; };
		04E7419F2015B2F100A7902C /* LZHTextEditView.h */ = {isa = PBXFileReference; fileEncoding = 4; lastKnownFileType = sourcecode.c.h; path = LZHTextEditView.h; sourceTree = "<group>"; };
		04E741A12015B54200A7902C /* ALPlaceHolderTextView.h */ = {isa = PBXFileReference; lastKnownFileType = sourcecode.c.h; path = ALPlaceHolderTextView.h; sourceTree = "<group>"; };
		04E741A22015B54200A7902C /* ALPlaceHolderTextView.m */ = {isa = PBXFileReference; lastKnownFileType = sourcecode.c.objc; path = ALPlaceHolderTextView.m; sourceTree = "<group>"; };
		04E741A42015B65500A7902C /* LZHDatePickerView.m */ = {isa = PBXFileReference; fileEncoding = 4; lastKnownFileType = sourcecode.c.objc; path = LZHDatePickerView.m; sourceTree = "<group>"; };
		04E741A52015B65500A7902C /* LZHDatePickerView.h */ = {isa = PBXFileReference; fileEncoding = 4; lastKnownFileType = sourcecode.c.h; path = LZHDatePickerView.h; sourceTree = "<group>"; };
		04E741A72015B91B00A7902C /* LZHStarRatingView.m */ = {isa = PBXFileReference; fileEncoding = 4; lastKnownFileType = sourcecode.c.objc; path = LZHStarRatingView.m; sourceTree = "<group>"; };
		04E741A82015B91B00A7902C /* LZHStarRatingView.h */ = {isa = PBXFileReference; fileEncoding = 4; lastKnownFileType = sourcecode.c.h; path = LZHStarRatingView.h; sourceTree = "<group>"; };
		04E741B72015CEF700A7902C /* UIScrollView+LZHSimpleFunction.h */ = {isa = PBXFileReference; fileEncoding = 4; lastKnownFileType = sourcecode.c.h; path = "UIScrollView+LZHSimpleFunction.h"; sourceTree = "<group>"; };
		04E741B82015CEF700A7902C /* UIScrollView+LZHSimpleFunction.m */ = {isa = PBXFileReference; fileEncoding = 4; lastKnownFileType = sourcecode.c.objc; path = "UIScrollView+LZHSimpleFunction.m"; sourceTree = "<group>"; };
		04E741BB2015CF4500A7902C /* DAYUtils.h */ = {isa = PBXFileReference; fileEncoding = 4; lastKnownFileType = sourcecode.c.h; path = DAYUtils.h; sourceTree = "<group>"; };
		04E741BC2015CF4600A7902C /* DAYUtils.m */ = {isa = PBXFileReference; fileEncoding = 4; lastKnownFileType = sourcecode.c.objc; path = DAYUtils.m; sourceTree = "<group>"; };
		04E741BE2015CF6900A7902C /* DateHelper.h */ = {isa = PBXFileReference; fileEncoding = 4; lastKnownFileType = sourcecode.c.h; path = DateHelper.h; sourceTree = "<group>"; };
		04E741BF2015CF6900A7902C /* DateHelper.m */ = {isa = PBXFileReference; fileEncoding = 4; lastKnownFileType = sourcecode.c.objc; path = DateHelper.m; sourceTree = "<group>"; };
		04E741C12015D09000A7902C /* pinyin.h */ = {isa = PBXFileReference; fileEncoding = 4; lastKnownFileType = sourcecode.c.h; path = pinyin.h; sourceTree = "<group>"; };
		04E741C22015D09000A7902C /* pinyin.c */ = {isa = PBXFileReference; fileEncoding = 4; lastKnownFileType = sourcecode.c.c; path = pinyin.c; sourceTree = "<group>"; };
		04E741C42015D11100A7902C /* ALCommonCellDelegate.h */ = {isa = PBXFileReference; lastKnownFileType = sourcecode.c.h; path = ALCommonCellDelegate.h; sourceTree = "<group>"; };
		04E741C72015D41900A7902C /* HTTPClient.h */ = {isa = PBXFileReference; fileEncoding = 4; lastKnownFileType = sourcecode.c.h; path = HTTPClient.h; sourceTree = "<group>"; };
		04E741C82015D41900A7902C /* HTTPClient.m */ = {isa = PBXFileReference; fileEncoding = 4; lastKnownFileType = sourcecode.c.objc; path = HTTPClient.m; sourceTree = "<group>"; };
		04E741CA2015D46E00A7902C /* AlertHelper.m */ = {isa = PBXFileReference; fileEncoding = 4; lastKnownFileType = sourcecode.c.objc; path = AlertHelper.m; sourceTree = "<group>"; };
		04E741CB2015D46E00A7902C /* AlertHelper.h */ = {isa = PBXFileReference; fileEncoding = 4; lastKnownFileType = sourcecode.c.h; path = AlertHelper.h; sourceTree = "<group>"; };
		04E741CD2015D48C00A7902C /* ErrorCodeDefine.h */ = {isa = PBXFileReference; lastKnownFileType = sourcecode.c.h; path = ErrorCodeDefine.h; sourceTree = "<group>"; };
		04E741CE2015D4B600A7902C /* ModelDefine.h */ = {isa = PBXFileReference; lastKnownFileType = sourcecode.c.h; path = ModelDefine.h; sourceTree = "<group>"; };
		04E741CF2015D95A00A7902C /* CopyLabel.h */ = {isa = PBXFileReference; fileEncoding = 4; lastKnownFileType = sourcecode.c.h; path = CopyLabel.h; sourceTree = "<group>"; };
		04E741D02015D95A00A7902C /* CopyLabel.m */ = {isa = PBXFileReference; fileEncoding = 4; lastKnownFileType = sourcecode.c.objc; path = CopyLabel.m; sourceTree = "<group>"; };
		04E741D22015D9DE00A7902C /* ALLocalAreaPickerView.h */ = {isa = PBXFileReference; lastKnownFileType = sourcecode.c.h; path = ALLocalAreaPickerView.h; sourceTree = "<group>"; };
		04E741D32015D9DE00A7902C /* ALLocalAreaPickerView.m */ = {isa = PBXFileReference; lastKnownFileType = sourcecode.c.objc; path = ALLocalAreaPickerView.m; sourceTree = "<group>"; };
		04E741D62015DBB600A7902C /* 城市.txt */ = {isa = PBXFileReference; fileEncoding = 4; lastKnownFileType = text; path = "城市.txt"; sourceTree = "<group>"; };
		04E741D72015DBB600A7902C /* 县区.txt */ = {isa = PBXFileReference; fileEncoding = 4; lastKnownFileType = text; path = "县区.txt"; sourceTree = "<group>"; };
		04E741D82015DBB600A7902C /* 省份.txt */ = {isa = PBXFileReference; fileEncoding = 4; lastKnownFileType = text; path = "省份.txt"; sourceTree = "<group>"; };
		04E741DF2015DE6200A7902C /* TAAbstractDotView.h */ = {isa = PBXFileReference; fileEncoding = 4; lastKnownFileType = sourcecode.c.h; path = TAAbstractDotView.h; sourceTree = "<group>"; };
		04E741E02015DE6200A7902C /* TAAbstractDotView.m */ = {isa = PBXFileReference; fileEncoding = 4; lastKnownFileType = sourcecode.c.objc; path = TAAbstractDotView.m; sourceTree = "<group>"; };
		04E741E12015DE6200A7902C /* TAAnimatedDotView.h */ = {isa = PBXFileReference; fileEncoding = 4; lastKnownFileType = sourcecode.c.h; path = TAAnimatedDotView.h; sourceTree = "<group>"; };
		04E741E22015DE6200A7902C /* TAAnimatedDotView.m */ = {isa = PBXFileReference; fileEncoding = 4; lastKnownFileType = sourcecode.c.objc; path = TAAnimatedDotView.m; sourceTree = "<group>"; };
		04E741E32015DE6200A7902C /* TADotView.h */ = {isa = PBXFileReference; fileEncoding = 4; lastKnownFileType = sourcecode.c.h; path = TADotView.h; sourceTree = "<group>"; };
		04E741E42015DE6200A7902C /* TADotView.m */ = {isa = PBXFileReference; fileEncoding = 4; lastKnownFileType = sourcecode.c.objc; path = TADotView.m; sourceTree = "<group>"; };
		04E741E52015DE6200A7902C /* TAPageControl.h */ = {isa = PBXFileReference; fileEncoding = 4; lastKnownFileType = sourcecode.c.h; path = TAPageControl.h; sourceTree = "<group>"; };
		04E741E62015DE6200A7902C /* TAPageControl.m */ = {isa = PBXFileReference; fileEncoding = 4; lastKnownFileType = sourcecode.c.objc; path = TAPageControl.m; sourceTree = "<group>"; };
		04E741E72015DE6200A7902C /* SDCollectionViewCell.h */ = {isa = PBXFileReference; fileEncoding = 4; lastKnownFileType = sourcecode.c.h; path = SDCollectionViewCell.h; sourceTree = "<group>"; };
		04E741E82015DE6200A7902C /* SDCollectionViewCell.m */ = {isa = PBXFileReference; fileEncoding = 4; lastKnownFileType = sourcecode.c.objc; path = SDCollectionViewCell.m; sourceTree = "<group>"; };
		04E741E92015DE6200A7902C /* SDCycleScrollView.h */ = {isa = PBXFileReference; fileEncoding = 4; lastKnownFileType = sourcecode.c.h; path = SDCycleScrollView.h; sourceTree = "<group>"; };
		04E741EA2015DE6200A7902C /* SDCycleScrollView.m */ = {isa = PBXFileReference; fileEncoding = 4; lastKnownFileType = sourcecode.c.objc; path = SDCycleScrollView.m; sourceTree = "<group>"; };
		04E741EB2015DE6200A7902C /* UIView+SDExtension.h */ = {isa = PBXFileReference; fileEncoding = 4; lastKnownFileType = sourcecode.c.h; path = "UIView+SDExtension.h"; sourceTree = "<group>"; };
		04E741EC2015DE6200A7902C /* UIView+SDExtension.m */ = {isa = PBXFileReference; fileEncoding = 4; lastKnownFileType = sourcecode.c.objc; path = "UIView+SDExtension.m"; sourceTree = "<group>"; };
		04E741F42015DEDF00A7902C /* LZHAppGuideView.h */ = {isa = PBXFileReference; fileEncoding = 4; lastKnownFileType = sourcecode.c.h; path = LZHAppGuideView.h; sourceTree = "<group>"; };
		04E741F52015DEDF00A7902C /* LZHAppGuideView.m */ = {isa = PBXFileReference; fileEncoding = 4; lastKnownFileType = sourcecode.c.objc; path = LZHAppGuideView.m; sourceTree = "<group>"; };
		04E741F72015DF1B00A7902C /* LZHLunchAdvView.m */ = {isa = PBXFileReference; fileEncoding = 4; lastKnownFileType = sourcecode.c.objc; path = LZHLunchAdvView.m; sourceTree = "<group>"; };
		04E741F82015DF1B00A7902C /* LZHLunchAdvView.h */ = {isa = PBXFileReference; fileEncoding = 4; lastKnownFileType = sourcecode.c.h; path = LZHLunchAdvView.h; sourceTree = "<group>"; };
		04E741FA2015DF7400A7902C /* WaterFlowCollectionViewLayout.m */ = {isa = PBXFileReference; fileEncoding = 4; lastKnownFileType = sourcecode.c.objc; path = WaterFlowCollectionViewLayout.m; sourceTree = "<group>"; };
		04E741FB2015DF7400A7902C /* WaterFlowCollectionViewLayout.h */ = {isa = PBXFileReference; fileEncoding = 4; lastKnownFileType = sourcecode.c.h; path = WaterFlowCollectionViewLayout.h; sourceTree = "<group>"; };
		04E741FD2015DFC200A7902C /* ALCountTextField.h */ = {isa = PBXFileReference; lastKnownFileType = sourcecode.c.h; path = ALCountTextField.h; sourceTree = "<group>"; };
		04E741FE2015DFC200A7902C /* ALCountTextField.m */ = {isa = PBXFileReference; lastKnownFileType = sourcecode.c.objc; path = ALCountTextField.m; sourceTree = "<group>"; };
		04E742012015E05A00A7902C /* LZHTagCollectionFlowLayout.m */ = {isa = PBXFileReference; fileEncoding = 4; lastKnownFileType = sourcecode.c.objc; path = LZHTagCollectionFlowLayout.m; sourceTree = "<group>"; };
		04E742022015E05A00A7902C /* LZHTagCollectionViewCell.h */ = {isa = PBXFileReference; fileEncoding = 4; lastKnownFileType = sourcecode.c.h; path = LZHTagCollectionViewCell.h; sourceTree = "<group>"; };
		04E742032015E05A00A7902C /* LZHTagCollectionViewCell.m */ = {isa = PBXFileReference; fileEncoding = 4; lastKnownFileType = sourcecode.c.objc; path = LZHTagCollectionViewCell.m; sourceTree = "<group>"; };
		04E742042015E05A00A7902C /* LZHTagCollectionFlowLayout.h */ = {isa = PBXFileReference; fileEncoding = 4; lastKnownFileType = sourcecode.c.h; path = LZHTagCollectionFlowLayout.h; sourceTree = "<group>"; };
		04E742052015E05B00A7902C /* LZHTagCollectionView.m */ = {isa = PBXFileReference; fileEncoding = 4; lastKnownFileType = sourcecode.c.objc; path = LZHTagCollectionView.m; sourceTree = "<group>"; };
		04E742062015E05B00A7902C /* LZHTagCollectionView.h */ = {isa = PBXFileReference; fileEncoding = 4; lastKnownFileType = sourcecode.c.h; path = LZHTagCollectionView.h; sourceTree = "<group>"; };
		04E7420B2015E2FB00A7902C /* PhotoBrowser.h */ = {isa = PBXFileReference; fileEncoding = 4; lastKnownFileType = sourcecode.c.h; path = PhotoBrowser.h; sourceTree = "<group>"; };
		04E7420C2015E2FB00A7902C /* PhotoBrowser.m */ = {isa = PBXFileReference; fileEncoding = 4; lastKnownFileType = sourcecode.c.objc; path = PhotoBrowser.m; sourceTree = "<group>"; };
		04E7420E2015E37700A7902C /* LocationService.h */ = {isa = PBXFileReference; fileEncoding = 4; lastKnownFileType = sourcecode.c.h; path = LocationService.h; sourceTree = "<group>"; };
		04E7420F2015E37700A7902C /* CLLocation+Sino.h */ = {isa = PBXFileReference; fileEncoding = 4; lastKnownFileType = sourcecode.c.h; path = "CLLocation+Sino.h"; sourceTree = "<group>"; };
		04E742102015E37700A7902C /* LocationService.m */ = {isa = PBXFileReference; fileEncoding = 4; lastKnownFileType = sourcecode.c.objc; path = LocationService.m; sourceTree = "<group>"; };
		04E742112015E37700A7902C /* CLLocation+Sino.m */ = {isa = PBXFileReference; fileEncoding = 4; lastKnownFileType = sourcecode.c.objc; path = "CLLocation+Sino.m"; sourceTree = "<group>"; };
		04E742142015E4C500A7902C /* LZHCustomPickerView.h */ = {isa = PBXFileReference; fileEncoding = 4; lastKnownFileType = sourcecode.c.h; path = LZHCustomPickerView.h; sourceTree = "<group>"; };
		04E742152015E4C600A7902C /* LZHCustomPickerView.m */ = {isa = PBXFileReference; fileEncoding = 4; lastKnownFileType = sourcecode.c.objc; path = LZHCustomPickerView.m; sourceTree = "<group>"; };
		04E742172015E4E500A7902C /* LZHMutiSortSelectView.m */ = {isa = PBXFileReference; fileEncoding = 4; lastKnownFileType = sourcecode.c.objc; path = LZHMutiSortSelectView.m; sourceTree = "<group>"; };
		04E742182015E4E600A7902C /* LZHMutiSortSelectView.h */ = {isa = PBXFileReference; fileEncoding = 4; lastKnownFileType = sourcecode.c.h; path = LZHMutiSortSelectView.h; sourceTree = "<group>"; };
		04E7421A2015E5B600A7902C /* MusicPlayerView.m */ = {isa = PBXFileReference; fileEncoding = 4; lastKnownFileType = sourcecode.c.objc; path = MusicPlayerView.m; sourceTree = "<group>"; };
		04E7421B2015E5B600A7902C /* MusicPlayerView.h */ = {isa = PBXFileReference; fileEncoding = 4; lastKnownFileType = sourcecode.c.h; path = MusicPlayerView.h; sourceTree = "<group>"; };
		04E7424E2015E5F700A7902C /* LZHMutiSortSelectTableViewCell.h */ = {isa = PBXFileReference; fileEncoding = 4; lastKnownFileType = sourcecode.c.h; path = LZHMutiSortSelectTableViewCell.h; sourceTree = "<group>"; };
		04E7424F2015E5F700A7902C /* LZHMutiSortSelectTableViewCell.m */ = {isa = PBXFileReference; fileEncoding = 4; lastKnownFileType = sourcecode.c.objc; path = LZHMutiSortSelectTableViewCell.m; sourceTree = "<group>"; };
		04E742502015E5F700A7902C /* LZHMutiSortSelectTableViewCell.xib */ = {isa = PBXFileReference; fileEncoding = 4; lastKnownFileType = file.xib; path = LZHMutiSortSelectTableViewCell.xib; sourceTree = "<group>"; };
		04E742532015E67300A7902C /* libxml2.2.tbd */ = {isa = PBXFileReference; lastKnownFileType = "sourcecode.text-based-dylib-definition"; name = libxml2.2.tbd; path = usr/lib/libxml2.2.tbd; sourceTree = SDKROOT; };
		04E742552015E68600A7902C /* libxml2.tbd */ = {isa = PBXFileReference; lastKnownFileType = "sourcecode.text-based-dylib-definition"; name = libxml2.tbd; path = usr/lib/libxml2.tbd; sourceTree = SDKROOT; };
		04E742572015E6C700A7902C /* libc++.tbd */ = {isa = PBXFileReference; lastKnownFileType = "sourcecode.text-based-dylib-definition"; name = "libc++.tbd"; path = "usr/lib/libc++.tbd"; sourceTree = SDKROOT; };
		04E7425D2015E80B00A7902C /* audio_queue.cpp */ = {isa = PBXFileReference; fileEncoding = 4; lastKnownFileType = sourcecode.cpp.cpp; path = audio_queue.cpp; sourceTree = "<group>"; };
		04E7425E2015E80B00A7902C /* audio_queue.h */ = {isa = PBXFileReference; fileEncoding = 4; lastKnownFileType = sourcecode.c.h; path = audio_queue.h; sourceTree = "<group>"; };
		04E7425F2015E80B00A7902C /* audio_stream.cpp */ = {isa = PBXFileReference; fileEncoding = 4; lastKnownFileType = sourcecode.cpp.cpp; path = audio_stream.cpp; sourceTree = "<group>"; };
		04E742602015E80B00A7902C /* audio_stream.h */ = {isa = PBXFileReference; fileEncoding = 4; lastKnownFileType = sourcecode.c.h; path = audio_stream.h; sourceTree = "<group>"; };
		04E742612015E80B00A7902C /* caching_stream.cpp */ = {isa = PBXFileReference; fileEncoding = 4; lastKnownFileType = sourcecode.cpp.cpp; path = caching_stream.cpp; sourceTree = "<group>"; };
		04E742622015E80B00A7902C /* caching_stream.h */ = {isa = PBXFileReference; fileEncoding = 4; lastKnownFileType = sourcecode.c.h; path = caching_stream.h; sourceTree = "<group>"; };
		04E742632015E80B00A7902C /* file_output.cpp */ = {isa = PBXFileReference; fileEncoding = 4; lastKnownFileType = sourcecode.cpp.cpp; path = file_output.cpp; sourceTree = "<group>"; };
		04E742642015E80B00A7902C /* file_output.h */ = {isa = PBXFileReference; fileEncoding = 4; lastKnownFileType = sourcecode.c.h; path = file_output.h; sourceTree = "<group>"; };
		04E742652015E80B00A7902C /* file_stream.cpp */ = {isa = PBXFileReference; fileEncoding = 4; lastKnownFileType = sourcecode.cpp.cpp; path = file_stream.cpp; sourceTree = "<group>"; };
		04E742662015E80B00A7902C /* file_stream.h */ = {isa = PBXFileReference; fileEncoding = 4; lastKnownFileType = sourcecode.c.h; path = file_stream.h; sourceTree = "<group>"; };
		04E742672015E80B00A7902C /* FreeStreamer.h */ = {isa = PBXFileReference; fileEncoding = 4; lastKnownFileType = sourcecode.c.h; path = FreeStreamer.h; sourceTree = "<group>"; };
		04E742682015E80B00A7902C /* FSAudioController.h */ = {isa = PBXFileReference; fileEncoding = 4; lastKnownFileType = sourcecode.c.h; path = FSAudioController.h; sourceTree = "<group>"; };
		04E742692015E80B00A7902C /* FSAudioController.m */ = {isa = PBXFileReference; fileEncoding = 4; lastKnownFileType = sourcecode.c.objc; path = FSAudioController.m; sourceTree = "<group>"; };
		04E7426A2015E80B00A7902C /* FSAudioStream.h */ = {isa = PBXFileReference; fileEncoding = 4; lastKnownFileType = sourcecode.c.h; path = FSAudioStream.h; sourceTree = "<group>"; };
		04E7426B2015E80B00A7902C /* FSAudioStream.mm */ = {isa = PBXFileReference; fileEncoding = 4; lastKnownFileType = sourcecode.cpp.objcpp; path = FSAudioStream.mm; sourceTree = "<group>"; };
		04E7426C2015E80B00A7902C /* FSCheckContentTypeRequest.h */ = {isa = PBXFileReference; fileEncoding = 4; lastKnownFileType = sourcecode.c.h; path = FSCheckContentTypeRequest.h; sourceTree = "<group>"; };
		04E7426D2015E80B00A7902C /* FSCheckContentTypeRequest.m */ = {isa = PBXFileReference; fileEncoding = 4; lastKnownFileType = sourcecode.c.objc; path = FSCheckContentTypeRequest.m; sourceTree = "<group>"; };
		04E7426E2015E80B00A7902C /* FSParsePlaylistRequest.h */ = {isa = PBXFileReference; fileEncoding = 4; lastKnownFileType = sourcecode.c.h; path = FSParsePlaylistRequest.h; sourceTree = "<group>"; };
		04E7426F2015E80B00A7902C /* FSParsePlaylistRequest.m */ = {isa = PBXFileReference; fileEncoding = 4; lastKnownFileType = sourcecode.c.objc; path = FSParsePlaylistRequest.m; sourceTree = "<group>"; };
		04E742702015E80B00A7902C /* FSParseRssPodcastFeedRequest.h */ = {isa = PBXFileReference; fileEncoding = 4; lastKnownFileType = sourcecode.c.h; path = FSParseRssPodcastFeedRequest.h; sourceTree = "<group>"; };
		04E742712015E80B00A7902C /* FSParseRssPodcastFeedRequest.m */ = {isa = PBXFileReference; fileEncoding = 4; lastKnownFileType = sourcecode.c.objc; path = FSParseRssPodcastFeedRequest.m; sourceTree = "<group>"; };
		04E742722015E80B00A7902C /* FSPlaylistItem.h */ = {isa = PBXFileReference; fileEncoding = 4; lastKnownFileType = sourcecode.c.h; path = FSPlaylistItem.h; sourceTree = "<group>"; };
		04E742732015E80B00A7902C /* FSPlaylistItem.m */ = {isa = PBXFileReference; fileEncoding = 4; lastKnownFileType = sourcecode.c.objc; path = FSPlaylistItem.m; sourceTree = "<group>"; };
		04E742742015E80B00A7902C /* FSXMLHttpRequest.h */ = {isa = PBXFileReference; fileEncoding = 4; lastKnownFileType = sourcecode.c.h; path = FSXMLHttpRequest.h; sourceTree = "<group>"; };
		04E742752015E80B00A7902C /* FSXMLHttpRequest.m */ = {isa = PBXFileReference; fileEncoding = 4; lastKnownFileType = sourcecode.c.objc; path = FSXMLHttpRequest.m; sourceTree = "<group>"; };
		04E742762015E80B00A7902C /* http_stream.cpp */ = {isa = PBXFileReference; fileEncoding = 4; lastKnownFileType = sourcecode.cpp.cpp; path = http_stream.cpp; sourceTree = "<group>"; };
		04E742772015E80B00A7902C /* http_stream.h */ = {isa = PBXFileReference; fileEncoding = 4; lastKnownFileType = sourcecode.c.h; path = http_stream.h; sourceTree = "<group>"; };
		04E742782015E80B00A7902C /* id3_parser.cpp */ = {isa = PBXFileReference; fileEncoding = 4; lastKnownFileType = sourcecode.cpp.cpp; path = id3_parser.cpp; sourceTree = "<group>"; };
		04E742792015E80B00A7902C /* id3_parser.h */ = {isa = PBXFileReference; fileEncoding = 4; lastKnownFileType = sourcecode.c.h; path = id3_parser.h; sourceTree = "<group>"; };
		04E7427A2015E80B00A7902C /* Info.plist */ = {isa = PBXFileReference; fileEncoding = 4; lastKnownFileType = text.plist.xml; path = Info.plist; sourceTree = "<group>"; };
		04E7427B2015E80B00A7902C /* input_stream.cpp */ = {isa = PBXFileReference; fileEncoding = 4; lastKnownFileType = sourcecode.cpp.cpp; path = input_stream.cpp; sourceTree = "<group>"; };
		04E7427C2015E80B00A7902C /* input_stream.h */ = {isa = PBXFileReference; fileEncoding = 4; lastKnownFileType = sourcecode.c.h; path = input_stream.h; sourceTree = "<group>"; };
		04E7427D2015E80B00A7902C /* Reachability.h */ = {isa = PBXFileReference; fileEncoding = 4; lastKnownFileType = sourcecode.c.h; path = Reachability.h; sourceTree = "<group>"; };
		04E7427E2015E80B00A7902C /* Reachability.m */ = {isa = PBXFileReference; fileEncoding = 4; lastKnownFileType = sourcecode.c.objc; path = Reachability.m; sourceTree = "<group>"; };
		04E7427F2015E80B00A7902C /* stream_configuration.cpp */ = {isa = PBXFileReference; fileEncoding = 4; lastKnownFileType = sourcecode.cpp.cpp; path = stream_configuration.cpp; sourceTree = "<group>"; };
		04E742802015E80B00A7902C /* stream_configuration.h */ = {isa = PBXFileReference; fileEncoding = 4; lastKnownFileType = sourcecode.c.h; path = stream_configuration.h; sourceTree = "<group>"; };
		75BDE7AB204403BE00B03434 /* LZHTabCollectionViewController.xib */ = {isa = PBXFileReference; fileEncoding = 4; lastKnownFileType = file.xib; path = LZHTabCollectionViewController.xib; sourceTree = "<group>"; };
		75BDE7AC204403BF00B03434 /* LZHTabCollectionViewController.h */ = {isa = PBXFileReference; fileEncoding = 4; lastKnownFileType = sourcecode.c.h; path = LZHTabCollectionViewController.h; sourceTree = "<group>"; };
		75BDE7AD204403BF00B03434 /* LZHTabCollectionViewController.m */ = {isa = PBXFileReference; fileEncoding = 4; lastKnownFileType = sourcecode.c.objc; path = LZHTabCollectionViewController.m; sourceTree = "<group>"; };
		9701E3CBA945D45B728B466C /* Pods-ALBaseProject.debug.xcconfig */ = {isa = PBXFileReference; includeInIndex = 1; lastKnownFileType = text.xcconfig; name = "Pods-ALBaseProject.debug.xcconfig"; path = "Pods/Target Support Files/Pods-ALBaseProject/Pods-ALBaseProject.debug.xcconfig"; sourceTree = "<group>"; };
		C42577677F48993D40D03E7F /* Pods_ALBaseProject.framework */ = {isa = PBXFileReference; explicitFileType = wrapper.framework; includeInIndex = 0; path = Pods_ALBaseProject.framework; sourceTree = BUILT_PRODUCTS_DIR; };
		F43C9E2A727872C8E51727E5 /* Pods-ALBaseProject.release.xcconfig */ = {isa = PBXFileReference; includeInIndex = 1; lastKnownFileType = text.xcconfig; name = "Pods-ALBaseProject.release.xcconfig"; path = "Pods/Target Support Files/Pods-ALBaseProject/Pods-ALBaseProject.release.xcconfig"; sourceTree = "<group>"; };
/* End PBXFileReference section */

/* Begin PBXFrameworksBuildPhase section */
		04A6E513200DA218006256C9 /* Frameworks */ = {
			isa = PBXFrameworksBuildPhase;
			buildActionMask = 2147483647;
			files = (
				04E742582015E6C700A7902C /* libc++.tbd in Frameworks */,
				04E742562015E68600A7902C /* libxml2.tbd in Frameworks */,
				26617CD89ABFDAA959FF3CF0 /* Pods_ALBaseProject.framework in Frameworks */,
			);
			runOnlyForDeploymentPostprocessing = 0;
		};
		04A6E52E200DA218006256C9 /* Frameworks */ = {
			isa = PBXFrameworksBuildPhase;
			buildActionMask = 2147483647;
			files = (
			);
			runOnlyForDeploymentPostprocessing = 0;
		};
		04A6E539200DA218006256C9 /* Frameworks */ = {
			isa = PBXFrameworksBuildPhase;
			buildActionMask = 2147483647;
			files = (
			);
			runOnlyForDeploymentPostprocessing = 0;
		};
/* End PBXFrameworksBuildPhase section */

/* Begin PBXGroup section */
		04A6E50D200DA218006256C9 = {
			isa = PBXGroup;
			children = (
				04A6E518200DA218006256C9 /* ALBaseProject */,
				04A6E534200DA218006256C9 /* ALBaseProjectTests */,
				04A6E53F200DA218006256C9 /* ALBaseProjectUITests */,
				04A6E517200DA218006256C9 /* Products */,
				B3CA1E39D021BFB39F36AA53 /* Pods */,
				C7052328521D928E5E517062 /* Frameworks */,
			);
			sourceTree = "<group>";
		};
		04A6E517200DA218006256C9 /* Products */ = {
			isa = PBXGroup;
			children = (
				04A6E516200DA218006256C9 /* ALBaseProject.app */,
				04A6E531200DA218006256C9 /* ALBaseProjectTests.xctest */,
				04A6E53C200DA218006256C9 /* ALBaseProjectUITests.xctest */,
			);
			name = Products;
			sourceTree = "<group>";
		};
		04A6E518200DA218006256C9 /* ALBaseProject */ = {
			isa = PBXGroup;
			children = (
				04A6E519200DA218006256C9 /* AppDelegate.h */,
				04A6E51A200DA218006256C9 /* AppDelegate.m */,
				04A6E51C200DA218006256C9 /* ViewController.h */,
				04A6E51D200DA218006256C9 /* ViewController.m */,
				04E741C52015D3F100A7902C /* Base */,
				04EBA250200F23EC0073D765 /* Common */,
				04EBA24E200F22FF0073D765 /* ALTooles */,
				04A6E51F200DA218006256C9 /* Main.storyboard */,
				04A6E525200DA218006256C9 /* Assets.xcassets */,
				04A6E527200DA218006256C9 /* LaunchScreen.storyboard */,
				04A6E52A200DA218006256C9 /* Info.plist */,
				04A6E52B200DA218006256C9 /* main.m */,
				04E741852015834E00A7902C /* PrefixHeader.pch */,
				04E7418A2015842F00A7902C /* ALConfig.h */,
				04E7418B2015868100A7902C /* OtherConfig */,
				04A6E522200DA218006256C9 /* ALBaseProject.xcdatamodeld */,
			);
			path = ALBaseProject;
			sourceTree = "<group>";
		};
		04A6E534200DA218006256C9 /* ALBaseProjectTests */ = {
			isa = PBXGroup;
			children = (
				04A6E535200DA218006256C9 /* ALBaseProjectTests.m */,
				04A6E537200DA218006256C9 /* Info.plist */,
			);
			path = ALBaseProjectTests;
			sourceTree = "<group>";
		};
		04A6E53F200DA218006256C9 /* ALBaseProjectUITests */ = {
			isa = PBXGroup;
			children = (
				04A6E540200DA218006256C9 /* ALBaseProjectUITests.m */,
				04A6E542200DA218006256C9 /* Info.plist */,
			);
			path = ALBaseProjectUITests;
			sourceTree = "<group>";
		};
		04E74186201583D300A7902C /* ViewExtend */ = {
			isa = PBXGroup;
			children = (
				04E741882015840500A7902C /* UIView+RSAdditions.h */,
				04E741872015840500A7902C /* UIView+RSAdditions.m */,
			);
			path = ViewExtend;
			sourceTree = "<group>";
		};
		04E7418B2015868100A7902C /* OtherConfig */ = {
			isa = PBXGroup;
			children = (
				04E741CD2015D48C00A7902C /* ErrorCodeDefine.h */,
				04E741CE2015D4B600A7902C /* ModelDefine.h */,
				04E7419020158A2000A7902C /* ColorDefine.h */,
			);
			path = OtherConfig;
			sourceTree = "<group>";
		};
		04E7418C201586C500A7902C /* ModelExtend */ = {
			isa = PBXGroup;
			children = (
				04E7418D201586E900A7902C /* NSDictionary+Safe.h */,
				04E7418E201586E900A7902C /* NSDictionary+Safe.m */,
			);
			path = ModelExtend;
			sourceTree = "<group>";
		};
		04E7419A2015915500A7902C /* HelpFunc */ = {
			isa = PBXGroup;
			children = (
				04E741CB2015D46E00A7902C /* AlertHelper.h */,
				04E741CA2015D46E00A7902C /* AlertHelper.m */,
				04E7419B2015918B00A7902C /* ALFuncTooles.h */,
				04E7419C2015918B00A7902C /* ALFuncTooles.m */,
			);
			path = HelpFunc;
			sourceTree = "<group>";
		};
		04E741B62015CED800A7902C /* ViewExtend */ = {
			isa = PBXGroup;
			children = (
				04E741C42015D11100A7902C /* ALCommonCellDelegate.h */,
				04E741B72015CEF700A7902C /* UIScrollView+LZHSimpleFunction.h */,
				04E741B82015CEF700A7902C /* UIScrollView+LZHSimpleFunction.m */,
			);
			path = ViewExtend;
			sourceTree = "<group>";
		};
		04E741BA2015CF3A00A7902C /* Tooles */ = {
			isa = PBXGroup;
			children = (
				04E7425C2015E80B00A7902C /* FreeStreamer */,
				04E741C22015D09000A7902C /* pinyin.c */,
				04E741C12015D09000A7902C /* pinyin.h */,
				04E741BE2015CF6900A7902C /* DateHelper.h */,
				04E741BF2015CF6900A7902C /* DateHelper.m */,
				04E741BB2015CF4500A7902C /* DAYUtils.h */,
				04E741BC2015CF4600A7902C /* DAYUtils.m */,
			);
			path = Tooles;
			sourceTree = "<group>";
		};
		04E741C52015D3F100A7902C /* Base */ = {
			isa = PBXGroup;
			children = (
				04E741C62015D3FB00A7902C /* Services */,
			);
			path = Base;
			sourceTree = "<group>";
		};
		04E741C62015D3FB00A7902C /* Services */ = {
			isa = PBXGroup;
			children = (
				04E741C72015D41900A7902C /* HTTPClient.h */,
				04E741C82015D41900A7902C /* HTTPClient.m */,
				04E7420F2015E37700A7902C /* CLLocation+Sino.h */,
				04E742112015E37700A7902C /* CLLocation+Sino.m */,
				04E7420E2015E37700A7902C /* LocationService.h */,
				04E742102015E37700A7902C /* LocationService.m */,
			);
			path = Services;
			sourceTree = "<group>";
		};
		04E741DC2015DE3E00A7902C /* View */ = {
			isa = PBXGroup;
			children = (
				04E741FB2015DF7400A7902C /* WaterFlowCollectionViewLayout.h */,
				04E741FA2015DF7400A7902C /* WaterFlowCollectionViewLayout.m */,
				04E7420A2015E2FB00A7902C /* PhotoBrowser */,
				04E741DD2015DE6200A7902C /* SDCycleScrollView */,
			);
			path = View;
			sourceTree = "<group>";
		};
		04E741DD2015DE6200A7902C /* SDCycleScrollView */ = {
			isa = PBXGroup;
			children = (
				04E741DE2015DE6200A7902C /* PageControl */,
				04E741E72015DE6200A7902C /* SDCollectionViewCell.h */,
				04E741E82015DE6200A7902C /* SDCollectionViewCell.m */,
				04E741E92015DE6200A7902C /* SDCycleScrollView.h */,
				04E741EA2015DE6200A7902C /* SDCycleScrollView.m */,
				04E741EB2015DE6200A7902C /* UIView+SDExtension.h */,
				04E741EC2015DE6200A7902C /* UIView+SDExtension.m */,
			);
			path = SDCycleScrollView;
			sourceTree = "<group>";
		};
		04E741DE2015DE6200A7902C /* PageControl */ = {
			isa = PBXGroup;
			children = (
				04E741DF2015DE6200A7902C /* TAAbstractDotView.h */,
				04E741E02015DE6200A7902C /* TAAbstractDotView.m */,
				04E741E12015DE6200A7902C /* TAAnimatedDotView.h */,
				04E741E22015DE6200A7902C /* TAAnimatedDotView.m */,
				04E741E32015DE6200A7902C /* TADotView.h */,
				04E741E42015DE6200A7902C /* TADotView.m */,
				04E741E52015DE6200A7902C /* TAPageControl.h */,
				04E741E62015DE6200A7902C /* TAPageControl.m */,
			);
			path = PageControl;
			sourceTree = "<group>";
		};
		04E742002015E04700A7902C /* LZHTagCollection */ = {
			isa = PBXGroup;
			children = (
				04E742062015E05B00A7902C /* LZHTagCollectionView.h */,
				04E742052015E05B00A7902C /* LZHTagCollectionView.m */,
				04E742042015E05A00A7902C /* LZHTagCollectionFlowLayout.h */,
				04E742012015E05A00A7902C /* LZHTagCollectionFlowLayout.m */,
				04E742022015E05A00A7902C /* LZHTagCollectionViewCell.h */,
				04E742032015E05A00A7902C /* LZHTagCollectionViewCell.m */,
			);
			path = LZHTagCollection;
			sourceTree = "<group>";
		};
		04E7420A2015E2FB00A7902C /* PhotoBrowser */ = {
			isa = PBXGroup;
			children = (
				04E7420B2015E2FB00A7902C /* PhotoBrowser.h */,
				04E7420C2015E2FB00A7902C /* PhotoBrowser.m */,
			);
			path = PhotoBrowser;
			sourceTree = "<group>";
		};
		04E7425C2015E80B00A7902C /* FreeStreamer */ = {
			isa = PBXGroup;
			children = (
				04E7425D2015E80B00A7902C /* audio_queue.cpp */,
				04E7425E2015E80B00A7902C /* audio_queue.h */,
				04E7425F2015E80B00A7902C /* audio_stream.cpp */,
				04E742602015E80B00A7902C /* audio_stream.h */,
				04E742612015E80B00A7902C /* caching_stream.cpp */,
				04E742622015E80B00A7902C /* caching_stream.h */,
				04E742632015E80B00A7902C /* file_output.cpp */,
				04E742642015E80B00A7902C /* file_output.h */,
				04E742652015E80B00A7902C /* file_stream.cpp */,
				04E742662015E80B00A7902C /* file_stream.h */,
				04E742672015E80B00A7902C /* FreeStreamer.h */,
				04E742682015E80B00A7902C /* FSAudioController.h */,
				04E742692015E80B00A7902C /* FSAudioController.m */,
				04E7426A2015E80B00A7902C /* FSAudioStream.h */,
				04E7426B2015E80B00A7902C /* FSAudioStream.mm */,
				04E7426C2015E80B00A7902C /* FSCheckContentTypeRequest.h */,
				04E7426D2015E80B00A7902C /* FSCheckContentTypeRequest.m */,
				04E7426E2015E80B00A7902C /* FSParsePlaylistRequest.h */,
				04E7426F2015E80B00A7902C /* FSParsePlaylistRequest.m */,
				04E742702015E80B00A7902C /* FSParseRssPodcastFeedRequest.h */,
				04E742712015E80B00A7902C /* FSParseRssPodcastFeedRequest.m */,
				04E742722015E80B00A7902C /* FSPlaylistItem.h */,
				04E742732015E80B00A7902C /* FSPlaylistItem.m */,
				04E742742015E80B00A7902C /* FSXMLHttpRequest.h */,
				04E742752015E80B00A7902C /* FSXMLHttpRequest.m */,
				04E742762015E80B00A7902C /* http_stream.cpp */,
				04E742772015E80B00A7902C /* http_stream.h */,
				04E742782015E80B00A7902C /* id3_parser.cpp */,
				04E742792015E80B00A7902C /* id3_parser.h */,
				04E7427A2015E80B00A7902C /* Info.plist */,
				04E7427B2015E80B00A7902C /* input_stream.cpp */,
				04E7427C2015E80B00A7902C /* input_stream.h */,
				04E7427D2015E80B00A7902C /* Reachability.h */,
				04E7427E2015E80B00A7902C /* Reachability.m */,
				04E7427F2015E80B00A7902C /* stream_configuration.cpp */,
				04E742802015E80B00A7902C /* stream_configuration.h */,
			);
			path = FreeStreamer;
			sourceTree = "<group>";
		};
		04EBA24E200F22FF0073D765 /* ALTooles */ = {
			isa = PBXGroup;
			children = (
				04E741B62015CED800A7902C /* ViewExtend */,
				04E7419A2015915500A7902C /* HelpFunc */,
				04EBA24F200F23290073D765 /* View */,
			);
			path = ALTooles;
			sourceTree = "<group>";
		};
		04EBA24F200F23290073D765 /* View */ = {
			isa = PBXGroup;
			children = (
				04E742002015E04700A7902C /* LZHTagCollection */,
				04E741F42015DEDF00A7902C /* LZHAppGuideView.h */,
				04E741F52015DEDF00A7902C /* LZHAppGuideView.m */,
				04E741F82015DF1B00A7902C /* LZHLunchAdvView.h */,
				04E741F72015DF1B00A7902C /* LZHLunchAdvView.m */,
				04E741CF2015D95A00A7902C /* CopyLabel.h */,
				04E741D02015D95A00A7902C /* CopyLabel.m */,
				04E7421B2015E5B600A7902C /* MusicPlayerView.h */,
				04E7421A2015E5B600A7902C /* MusicPlayerView.m */,
				04E74197201590C000A7902C /* LZHActionSheetView.h */,
				04E74198201590C000A7902C /* LZHActionSheetView.m */,
				04E7419520158F5900A7902C /* LZHAlertView.h */,
				04E7419420158F5900A7902C /* LZHAlertView.m */,
				04E7419F2015B2F100A7902C /* LZHTextEditView.h */,
				04E7419E2015B2F100A7902C /* LZHTextEditView.m */,
				04E742182015E4E600A7902C /* LZHMutiSortSelectView.h */,
				04E742172015E4E500A7902C /* LZHMutiSortSelectView.m */,
				04E7424E2015E5F700A7902C /* LZHMutiSortSelectTableViewCell.h */,
				04E7424F2015E5F700A7902C /* LZHMutiSortSelectTableViewCell.m */,
				04E742502015E5F700A7902C /* LZHMutiSortSelectTableViewCell.xib */,
				04E742142015E4C500A7902C /* LZHCustomPickerView.h */,
				04E742152015E4C600A7902C /* LZHCustomPickerView.m */,
				04E741A52015B65500A7902C /* LZHDatePickerView.h */,
				04E741A42015B65500A7902C /* LZHDatePickerView.m */,
				04E741A82015B91B00A7902C /* LZHStarRatingView.h */,
				04E741A72015B91B00A7902C /* LZHStarRatingView.m */,
				04E7419120158AC800A7902C /* ALSecurityTextField.h */,
				04E7419220158AC800A7902C /* ALSecurityTextField.m */,
				04E741A12015B54200A7902C /* ALPlaceHolderTextView.h */,
				04E741A22015B54200A7902C /* ALPlaceHolderTextView.m */,
				04E741FD2015DFC200A7902C /* ALCountTextField.h */,
				04E741FE2015DFC200A7902C /* ALCountTextField.m */,
				04E741D22015D9DE00A7902C /* ALLocalAreaPickerView.h */,
				04E741D32015D9DE00A7902C /* ALLocalAreaPickerView.m */,
				04E741D62015DBB600A7902C /* 城市.txt */,
				04E741D82015DBB600A7902C /* 省份.txt */,
				04E741D72015DBB600A7902C /* 县区.txt */,
			);
			path = View;
			sourceTree = "<group>";
		};
		04EBA250200F23EC0073D765 /* Common */ = {
			isa = PBXGroup;
			children = (
				75BDE7AA2044038F00B03434 /* Controller */,
				04E741DC2015DE3E00A7902C /* View */,
				04E741BA2015CF3A00A7902C /* Tooles */,
				04E7418C201586C500A7902C /* ModelExtend */,
				04E74186201583D300A7902C /* ViewExtend */,
			);
			path = Common;
			sourceTree = "<group>";
		};
		75BDE7AA2044038F00B03434 /* Controller */ = {
			isa = PBXGroup;
			children = (
				75BDE7AC204403BF00B03434 /* LZHTabCollectionViewController.h */,
				75BDE7AD204403BF00B03434 /* LZHTabCollectionViewController.m */,
				75BDE7AB204403BE00B03434 /* LZHTabCollectionViewController.xib */,
			);
			path = Controller;
			sourceTree = "<group>";
		};
		B3CA1E39D021BFB39F36AA53 /* Pods */ = {
			isa = PBXGroup;
			children = (
				9701E3CBA945D45B728B466C /* Pods-ALBaseProject.debug.xcconfig */,
				F43C9E2A727872C8E51727E5 /* Pods-ALBaseProject.release.xcconfig */,
			);
			name = Pods;
			sourceTree = "<group>";
		};
		C7052328521D928E5E517062 /* Frameworks */ = {
			isa = PBXGroup;
			children = (
				04E742572015E6C700A7902C /* libc++.tbd */,
				04E742552015E68600A7902C /* libxml2.tbd */,
				04E742532015E67300A7902C /* libxml2.2.tbd */,
				C42577677F48993D40D03E7F /* Pods_ALBaseProject.framework */,
			);
			name = Frameworks;
			sourceTree = "<group>";
		};
/* End PBXGroup section */

/* Begin PBXNativeTarget section */
		04A6E515200DA218006256C9 /* ALBaseProject */ = {
			isa = PBXNativeTarget;
			buildConfigurationList = 04A6E545200DA218006256C9 /* Build configuration list for PBXNativeTarget "ALBaseProject" */;
			buildPhases = (
				E0C2CAAFA72B2C9C2628664D /* [CP] Check Pods Manifest.lock */,
				04A6E512200DA218006256C9 /* Sources */,
				04A6E513200DA218006256C9 /* Frameworks */,
				04A6E514200DA218006256C9 /* Resources */,
				6C6B9243FA65BA41ABD0AEA0 /* [CP] Embed Pods Frameworks */,
				F203FC6352E619CB17E6D8D3 /* [CP] Copy Pods Resources */,
			);
			buildRules = (
			);
			dependencies = (
			);
			name = ALBaseProject;
			productName = ALBaseProject;
			productReference = 04A6E516200DA218006256C9 /* ALBaseProject.app */;
			productType = "com.apple.product-type.application";
		};
		04A6E530200DA218006256C9 /* ALBaseProjectTests */ = {
			isa = PBXNativeTarget;
			buildConfigurationList = 04A6E548200DA218006256C9 /* Build configuration list for PBXNativeTarget "ALBaseProjectTests" */;
			buildPhases = (
				04A6E52D200DA218006256C9 /* Sources */,
				04A6E52E200DA218006256C9 /* Frameworks */,
				04A6E52F200DA218006256C9 /* Resources */,
			);
			buildRules = (
			);
			dependencies = (
				04A6E533200DA218006256C9 /* PBXTargetDependency */,
			);
			name = ALBaseProjectTests;
			productName = ALBaseProjectTests;
			productReference = 04A6E531200DA218006256C9 /* ALBaseProjectTests.xctest */;
			productType = "com.apple.product-type.bundle.unit-test";
		};
		04A6E53B200DA218006256C9 /* ALBaseProjectUITests */ = {
			isa = PBXNativeTarget;
			buildConfigurationList = 04A6E54B200DA218006256C9 /* Build configuration list for PBXNativeTarget "ALBaseProjectUITests" */;
			buildPhases = (
				04A6E538200DA218006256C9 /* Sources */,
				04A6E539200DA218006256C9 /* Frameworks */,
				04A6E53A200DA218006256C9 /* Resources */,
			);
			buildRules = (
			);
			dependencies = (
				04A6E53E200DA218006256C9 /* PBXTargetDependency */,
			);
			name = ALBaseProjectUITests;
			productName = ALBaseProjectUITests;
			productReference = 04A6E53C200DA218006256C9 /* ALBaseProjectUITests.xctest */;
			productType = "com.apple.product-type.bundle.ui-testing";
		};
/* End PBXNativeTarget section */

/* Begin PBXProject section */
		04A6E50E200DA218006256C9 /* Project object */ = {
			isa = PBXProject;
			attributes = {
				LastUpgradeCheck = 0920;
				ORGANIZATIONNAME = Mac;
				TargetAttributes = {
					04A6E515200DA218006256C9 = {
						CreatedOnToolsVersion = 9.2;
						ProvisioningStyle = Automatic;
					};
					04A6E530200DA218006256C9 = {
						CreatedOnToolsVersion = 9.2;
						ProvisioningStyle = Automatic;
						TestTargetID = 04A6E515200DA218006256C9;
					};
					04A6E53B200DA218006256C9 = {
						CreatedOnToolsVersion = 9.2;
						ProvisioningStyle = Automatic;
						TestTargetID = 04A6E515200DA218006256C9;
					};
				};
			};
			buildConfigurationList = 04A6E511200DA218006256C9 /* Build configuration list for PBXProject "ALBaseProject" */;
			compatibilityVersion = "Xcode 8.0";
			developmentRegion = en;
			hasScannedForEncodings = 0;
			knownRegions = (
				en,
				Base,
			);
			mainGroup = 04A6E50D200DA218006256C9;
			productRefGroup = 04A6E517200DA218006256C9 /* Products */;
			projectDirPath = "";
			projectRoot = "";
			targets = (
				04A6E515200DA218006256C9 /* ALBaseProject */,
				04A6E530200DA218006256C9 /* ALBaseProjectTests */,
				04A6E53B200DA218006256C9 /* ALBaseProjectUITests */,
			);
		};
/* End PBXProject section */

/* Begin PBXResourcesBuildPhase section */
		04A6E514200DA218006256C9 /* Resources */ = {
			isa = PBXResourcesBuildPhase;
			buildActionMask = 2147483647;
			files = (
				04E7428F2015E80B00A7902C /* Info.plist in Resources */,
				04E741DA2015DBB700A7902C /* 县区.txt in Resources */,
				04E741D92015DBB700A7902C /* 城市.txt in Resources */,
				04E741DB2015DBB700A7902C /* 省份.txt in Resources */,
				75BDE7AE204403BF00B03434 /* LZHTabCollectionViewController.xib in Resources */,
				04A6E529200DA218006256C9 /* LaunchScreen.storyboard in Resources */,
				04E742522015E5F700A7902C /* LZHMutiSortSelectTableViewCell.xib in Resources */,
				04A6E526200DA218006256C9 /* Assets.xcassets in Resources */,
				04A6E521200DA218006256C9 /* Main.storyboard in Resources */,
			);
			runOnlyForDeploymentPostprocessing = 0;
		};
		04A6E52F200DA218006256C9 /* Resources */ = {
			isa = PBXResourcesBuildPhase;
			buildActionMask = 2147483647;
			files = (
			);
			runOnlyForDeploymentPostprocessing = 0;
		};
		04A6E53A200DA218006256C9 /* Resources */ = {
			isa = PBXResourcesBuildPhase;
			buildActionMask = 2147483647;
			files = (
			);
			runOnlyForDeploymentPostprocessing = 0;
		};
/* End PBXResourcesBuildPhase section */

/* Begin PBXShellScriptBuildPhase section */
		6C6B9243FA65BA41ABD0AEA0 /* [CP] Embed Pods Frameworks */ = {
			isa = PBXShellScriptBuildPhase;
			buildActionMask = 2147483647;
			files = (
			);
			inputPaths = (
				"${SRCROOT}/Pods/Target Support Files/Pods-ALBaseProject/Pods-ALBaseProject-frameworks.sh",
				"${BUILT_PRODUCTS_DIR}/AFNetworking/AFNetworking.framework",
				"${BUILT_PRODUCTS_DIR}/SDWebImage/SDWebImage.framework",
				"${BUILT_PRODUCTS_DIR}/SVProgressHUD/SVProgressHUD.framework",
			);
			name = "[CP] Embed Pods Frameworks";
			outputPaths = (
				"${TARGET_BUILD_DIR}/${FRAMEWORKS_FOLDER_PATH}/AFNetworking.framework",
				"${TARGET_BUILD_DIR}/${FRAMEWORKS_FOLDER_PATH}/SDWebImage.framework",
				"${TARGET_BUILD_DIR}/${FRAMEWORKS_FOLDER_PATH}/SVProgressHUD.framework",
			);
			runOnlyForDeploymentPostprocessing = 0;
			shellPath = /bin/sh;
			shellScript = "\"${SRCROOT}/Pods/Target Support Files/Pods-ALBaseProject/Pods-ALBaseProject-frameworks.sh\"\n";
			showEnvVarsInLog = 0;
		};
		E0C2CAAFA72B2C9C2628664D /* [CP] Check Pods Manifest.lock */ = {
			isa = PBXShellScriptBuildPhase;
			buildActionMask = 2147483647;
			files = (
			);
			inputPaths = (
				"${PODS_PODFILE_DIR_PATH}/Podfile.lock",
				"${PODS_ROOT}/Manifest.lock",
			);
			name = "[CP] Check Pods Manifest.lock";
			outputPaths = (
				"$(DERIVED_FILE_DIR)/Pods-ALBaseProject-checkManifestLockResult.txt",
			);
			runOnlyForDeploymentPostprocessing = 0;
			shellPath = /bin/sh;
			shellScript = "diff \"${PODS_PODFILE_DIR_PATH}/Podfile.lock\" \"${PODS_ROOT}/Manifest.lock\" > /dev/null\nif [ $? != 0 ] ; then\n    # print error to STDERR\n    echo \"error: The sandbox is not in sync with the Podfile.lock. Run 'pod install' or update your CocoaPods installation.\" >&2\n    exit 1\nfi\n# This output is used by Xcode 'outputs' to avoid re-running this script phase.\necho \"SUCCESS\" > \"${SCRIPT_OUTPUT_FILE_0}\"\n";
			showEnvVarsInLog = 0;
		};
		F203FC6352E619CB17E6D8D3 /* [CP] Copy Pods Resources */ = {
			isa = PBXShellScriptBuildPhase;
			buildActionMask = 2147483647;
			files = (
			);
			inputPaths = (
			);
			name = "[CP] Copy Pods Resources";
			outputPaths = (
			);
			runOnlyForDeploymentPostprocessing = 0;
			shellPath = /bin/sh;
			shellScript = "\"${SRCROOT}/Pods/Target Support Files/Pods-ALBaseProject/Pods-ALBaseProject-resources.sh\"\n";
			showEnvVarsInLog = 0;
		};
/* End PBXShellScriptBuildPhase section */

/* Begin PBXSourcesBuildPhase section */
		04A6E512200DA218006256C9 /* Sources */ = {
			isa = PBXSourcesBuildPhase;
			buildActionMask = 2147483647;
			files = (
				04E742842015E80B00A7902C /* file_output.cpp in Sources */,
				04E742122015E37700A7902C /* LocationService.m in Sources */,
				04E741F62015DEDF00A7902C /* LZHAppGuideView.m in Sources */,
				04E741CC2015D46E00A7902C /* AlertHelper.m in Sources */,
				04E742192015E4E600A7902C /* LZHMutiSortSelectView.m in Sources */,
				04E742822015E80B00A7902C /* audio_stream.cpp in Sources */,
				04E741ED2015DE6200A7902C /* TAAbstractDotView.m in Sources */,
				04E742812015E80B00A7902C /* audio_queue.cpp in Sources */,
				04E741FF2015DFC200A7902C /* ALCountTextField.m in Sources */,
				75BDE7AF204403BF00B03434 /* LZHTabCollectionViewController.m in Sources */,
				04E7419D2015918B00A7902C /* ALFuncTooles.m in Sources */,
				04E741D42015D9DE00A7902C /* ALLocalAreaPickerView.m in Sources */,
				04A6E524200DA218006256C9 /* ALBaseProject.xcdatamodeld in Sources */,
				04E741A32015B54200A7902C /* ALPlaceHolderTextView.m in Sources */,
				04E7428E2015E80B00A7902C /* id3_parser.cpp in Sources */,
				04E741A02015B2F100A7902C /* LZHTextEditView.m in Sources */,
				04E741BD2015CF4600A7902C /* DAYUtils.m in Sources */,
				04E742882015E80B00A7902C /* FSCheckContentTypeRequest.m in Sources */,
				04E741F12015DE6200A7902C /* SDCollectionViewCell.m in Sources */,
				04E742072015E05B00A7902C /* LZHTagCollectionFlowLayout.m in Sources */,
				04E741EE2015DE6200A7902C /* TAAnimatedDotView.m in Sources */,
				04A6E51E200DA218006256C9 /* ViewController.m in Sources */,
				04E742852015E80B00A7902C /* file_stream.cpp in Sources */,
				04E741C32015D09000A7902C /* pinyin.c in Sources */,
				04E742892015E80B00A7902C /* FSParsePlaylistRequest.m in Sources */,
				04E7421C2015E5B600A7902C /* MusicPlayerView.m in Sources */,
				04E741C02015CF6900A7902C /* DateHelper.m in Sources */,
				04E7419620158F5900A7902C /* LZHAlertView.m in Sources */,
				04E7419320158AC800A7902C /* ALSecurityTextField.m in Sources */,
				04E742862015E80B00A7902C /* FSAudioController.m in Sources */,
				04E741F22015DE6200A7902C /* SDCycleScrollView.m in Sources */,
				04E741C92015D41900A7902C /* HTTPClient.m in Sources */,
				04E742902015E80B00A7902C /* input_stream.cpp in Sources */,
				04E742082015E05B00A7902C /* LZHTagCollectionViewCell.m in Sources */,
				04E7428D2015E80B00A7902C /* http_stream.cpp in Sources */,
				04E742912015E80B00A7902C /* Reachability.m in Sources */,
				04A6E52C200DA218006256C9 /* main.m in Sources */,
				04E7428C2015E80B00A7902C /* FSXMLHttpRequest.m in Sources */,
				04E741B92015CEF700A7902C /* UIScrollView+LZHSimpleFunction.m in Sources */,
				04E74199201590C000A7902C /* LZHActionSheetView.m in Sources */,
				04E741892015840500A7902C /* UIView+RSAdditions.m in Sources */,
				04E742162015E4C600A7902C /* LZHCustomPickerView.m in Sources */,
				04E741F32015DE6200A7902C /* UIView+SDExtension.m in Sources */,
				04E742132015E37700A7902C /* CLLocation+Sino.m in Sources */,
				04E742512015E5F700A7902C /* LZHMutiSortSelectTableViewCell.m in Sources */,
				04E7428B2015E80B00A7902C /* FSPlaylistItem.m in Sources */,
				04E742092015E05B00A7902C /* LZHTagCollectionView.m in Sources */,
				04E741F02015DE6200A7902C /* TAPageControl.m in Sources */,
				04E7420D2015E2FB00A7902C /* PhotoBrowser.m in Sources */,
				04E741D12015D95A00A7902C /* CopyLabel.m in Sources */,
				04A6E51B200DA218006256C9 /* AppDelegate.m in Sources */,
				04E741FC2015DF7400A7902C /* WaterFlowCollectionViewLayout.m in Sources */,
				04E7428A2015E80B00A7902C /* FSParseRssPodcastFeedRequest.m in Sources */,
				04E742922015E80B00A7902C /* stream_configuration.cpp in Sources */,
				04E741A62015B65600A7902C /* LZHDatePickerView.m in Sources */,
				04E742832015E80B00A7902C /* caching_stream.cpp in Sources */,
				04E742872015E80B00A7902C /* FSAudioStream.mm in Sources */,
				04E741F92015DF1B00A7902C /* LZHLunchAdvView.m in Sources */,
				04E741A92015B91B00A7902C /* LZHStarRatingView.m in Sources */,
				04E7418F201586E900A7902C /* NSDictionary+Safe.m in Sources */,
				04E741EF2015DE6200A7902C /* TADotView.m in Sources */,
			);
			runOnlyForDeploymentPostprocessing = 0;
		};
		04A6E52D200DA218006256C9 /* Sources */ = {
			isa = PBXSourcesBuildPhase;
			buildActionMask = 2147483647;
			files = (
				04A6E536200DA218006256C9 /* ALBaseProjectTests.m in Sources */,
			);
			runOnlyForDeploymentPostprocessing = 0;
		};
		04A6E538200DA218006256C9 /* Sources */ = {
			isa = PBXSourcesBuildPhase;
			buildActionMask = 2147483647;
			files = (
				04A6E541200DA218006256C9 /* ALBaseProjectUITests.m in Sources */,
			);
			runOnlyForDeploymentPostprocessing = 0;
		};
/* End PBXSourcesBuildPhase section */

/* Begin PBXTargetDependency section */
		04A6E533200DA218006256C9 /* PBXTargetDependency */ = {
			isa = PBXTargetDependency;
			target = 04A6E515200DA218006256C9 /* ALBaseProject */;
			targetProxy = 04A6E532200DA218006256C9 /* PBXContainerItemProxy */;
		};
		04A6E53E200DA218006256C9 /* PBXTargetDependency */ = {
			isa = PBXTargetDependency;
			target = 04A6E515200DA218006256C9 /* ALBaseProject */;
			targetProxy = 04A6E53D200DA218006256C9 /* PBXContainerItemProxy */;
		};
/* End PBXTargetDependency section */

/* Begin PBXVariantGroup section */
		04A6E51F200DA218006256C9 /* Main.storyboard */ = {
			isa = PBXVariantGroup;
			children = (
				04A6E520200DA218006256C9 /* Base */,
			);
			name = Main.storyboard;
			sourceTree = "<group>";
		};
		04A6E527200DA218006256C9 /* LaunchScreen.storyboard */ = {
			isa = PBXVariantGroup;
			children = (
				04A6E528200DA218006256C9 /* Base */,
			);
			name = LaunchScreen.storyboard;
			sourceTree = "<group>";
		};
/* End PBXVariantGroup section */

/* Begin XCBuildConfiguration section */
		04A6E543200DA218006256C9 /* Debug */ = {
			isa = XCBuildConfiguration;
			buildSettings = {
				ALWAYS_SEARCH_USER_PATHS = NO;
				CLANG_ANALYZER_NONNULL = YES;
				CLANG_ANALYZER_NUMBER_OBJECT_CONVERSION = YES_AGGRESSIVE;
				CLANG_CXX_LANGUAGE_STANDARD = "gnu++14";
				CLANG_CXX_LIBRARY = "libc++";
				CLANG_ENABLE_MODULES = YES;
				CLANG_ENABLE_OBJC_ARC = YES;
				CLANG_WARN_BLOCK_CAPTURE_AUTORELEASING = YES;
				CLANG_WARN_BOOL_CONVERSION = YES;
				CLANG_WARN_COMMA = YES;
				CLANG_WARN_CONSTANT_CONVERSION = YES;
				CLANG_WARN_DIRECT_OBJC_ISA_USAGE = YES_ERROR;
				CLANG_WARN_DOCUMENTATION_COMMENTS = YES;
				CLANG_WARN_EMPTY_BODY = YES;
				CLANG_WARN_ENUM_CONVERSION = YES;
				CLANG_WARN_INFINITE_RECURSION = YES;
				CLANG_WARN_INT_CONVERSION = YES;
				CLANG_WARN_NON_LITERAL_NULL_CONVERSION = YES;
				CLANG_WARN_OBJC_LITERAL_CONVERSION = YES;
				CLANG_WARN_OBJC_ROOT_CLASS = YES_ERROR;
				CLANG_WARN_RANGE_LOOP_ANALYSIS = YES;
				CLANG_WARN_STRICT_PROTOTYPES = YES;
				CLANG_WARN_SUSPICIOUS_MOVE = YES;
				CLANG_WARN_UNGUARDED_AVAILABILITY = YES_AGGRESSIVE;
				CLANG_WARN_UNREACHABLE_CODE = YES;
				CLANG_WARN__DUPLICATE_METHOD_MATCH = YES;
				CODE_SIGN_IDENTITY = "iPhone Developer";
				COPY_PHASE_STRIP = NO;
				DEBUG_INFORMATION_FORMAT = dwarf;
				ENABLE_STRICT_OBJC_MSGSEND = YES;
				ENABLE_TESTABILITY = YES;
				GCC_C_LANGUAGE_STANDARD = gnu11;
				GCC_DYNAMIC_NO_PIC = NO;
				GCC_NO_COMMON_BLOCKS = YES;
				GCC_OPTIMIZATION_LEVEL = 0;
				GCC_PREPROCESSOR_DEFINITIONS = (
					"DEBUG=1",
					"$(inherited)",
				);
				GCC_WARN_64_TO_32_BIT_CONVERSION = YES;
				GCC_WARN_ABOUT_RETURN_TYPE = YES_ERROR;
				GCC_WARN_UNDECLARED_SELECTOR = YES;
				GCC_WARN_UNINITIALIZED_AUTOS = YES_AGGRESSIVE;
				GCC_WARN_UNUSED_FUNCTION = YES;
				GCC_WARN_UNUSED_VARIABLE = YES;
				IPHONEOS_DEPLOYMENT_TARGET = 11.2;
				MTL_ENABLE_DEBUG_INFO = YES;
				ONLY_ACTIVE_ARCH = YES;
				SDKROOT = iphoneos;
			};
			name = Debug;
		};
		04A6E544200DA218006256C9 /* Release */ = {
			isa = XCBuildConfiguration;
			buildSettings = {
				ALWAYS_SEARCH_USER_PATHS = NO;
				CLANG_ANALYZER_NONNULL = YES;
				CLANG_ANALYZER_NUMBER_OBJECT_CONVERSION = YES_AGGRESSIVE;
				CLANG_CXX_LANGUAGE_STANDARD = "gnu++14";
				CLANG_CXX_LIBRARY = "libc++";
				CLANG_ENABLE_MODULES = YES;
				CLANG_ENABLE_OBJC_ARC = YES;
				CLANG_WARN_BLOCK_CAPTURE_AUTORELEASING = YES;
				CLANG_WARN_BOOL_CONVERSION = YES;
				CLANG_WARN_COMMA = YES;
				CLANG_WARN_CONSTANT_CONVERSION = YES;
				CLANG_WARN_DIRECT_OBJC_ISA_USAGE = YES_ERROR;
				CLANG_WARN_DOCUMENTATION_COMMENTS = YES;
				CLANG_WARN_EMPTY_BODY = YES;
				CLANG_WARN_ENUM_CONVERSION = YES;
				CLANG_WARN_INFINITE_RECURSION = YES;
				CLANG_WARN_INT_CONVERSION = YES;
				CLANG_WARN_NON_LITERAL_NULL_CONVERSION = YES;
				CLANG_WARN_OBJC_LITERAL_CONVERSION = YES;
				CLANG_WARN_OBJC_ROOT_CLASS = YES_ERROR;
				CLANG_WARN_RANGE_LOOP_ANALYSIS = YES;
				CLANG_WARN_STRICT_PROTOTYPES = YES;
				CLANG_WARN_SUSPICIOUS_MOVE = YES;
				CLANG_WARN_UNGUARDED_AVAILABILITY = YES_AGGRESSIVE;
				CLANG_WARN_UNREACHABLE_CODE = YES;
				CLANG_WARN__DUPLICATE_METHOD_MATCH = YES;
				CODE_SIGN_IDENTITY = "iPhone Developer";
				COPY_PHASE_STRIP = NO;
				DEBUG_INFORMATION_FORMAT = "dwarf-with-dsym";
				ENABLE_NS_ASSERTIONS = NO;
				ENABLE_STRICT_OBJC_MSGSEND = YES;
				GCC_C_LANGUAGE_STANDARD = gnu11;
				GCC_NO_COMMON_BLOCKS = YES;
				GCC_WARN_64_TO_32_BIT_CONVERSION = YES;
				GCC_WARN_ABOUT_RETURN_TYPE = YES_ERROR;
				GCC_WARN_UNDECLARED_SELECTOR = YES;
				GCC_WARN_UNINITIALIZED_AUTOS = YES_AGGRESSIVE;
				GCC_WARN_UNUSED_FUNCTION = YES;
				GCC_WARN_UNUSED_VARIABLE = YES;
				IPHONEOS_DEPLOYMENT_TARGET = 11.2;
				MTL_ENABLE_DEBUG_INFO = NO;
				SDKROOT = iphoneos;
				VALIDATE_PRODUCT = YES;
			};
			name = Release;
		};
		04A6E546200DA218006256C9 /* Debug */ = {
			isa = XCBuildConfiguration;
			baseConfigurationReference = 9701E3CBA945D45B728B466C /* Pods-ALBaseProject.debug.xcconfig */;
			buildSettings = {
				ASSETCATALOG_COMPILER_APPICON_NAME = AppIcon;
				CODE_SIGN_STYLE = Automatic;
				GCC_PREFIX_HEADER = "$(SRCROOT)/ALBaseProject/PrefixHeader.pch";
				HEADER_SEARCH_PATHS = "$(SDKROOT)/usr/include/libxml2";
				INFOPLIST_FILE = ALBaseProject/Info.plist;
				IPHONEOS_DEPLOYMENT_TARGET = 9.0;
				LD_RUNPATH_SEARCH_PATHS = "$(inherited) @executable_path/Frameworks";
				PRODUCT_BUNDLE_IDENTIFIER = com.al.ALBaseProject;
				PRODUCT_NAME = "$(TARGET_NAME)";
				TARGETED_DEVICE_FAMILY = "1,2";
			};
			name = Debug;
		};
		04A6E547200DA218006256C9 /* Release */ = {
			isa = XCBuildConfiguration;
			baseConfigurationReference = F43C9E2A727872C8E51727E5 /* Pods-ALBaseProject.release.xcconfig */;
			buildSettings = {
				ASSETCATALOG_COMPILER_APPICON_NAME = AppIcon;
				CODE_SIGN_STYLE = Automatic;
				GCC_PREFIX_HEADER = "$(SRCROOT)/ALBaseProject/PrefixHeader.pch";
				HEADER_SEARCH_PATHS = "$(SDKROOT)/usr/include/libxml2";
				INFOPLIST_FILE = ALBaseProject/Info.plist;
				IPHONEOS_DEPLOYMENT_TARGET = 9.0;
				LD_RUNPATH_SEARCH_PATHS = "$(inherited) @executable_path/Frameworks";
				PRODUCT_BUNDLE_IDENTIFIER = com.al.ALBaseProject;
				PRODUCT_NAME = "$(TARGET_NAME)";
				TARGETED_DEVICE_FAMILY = "1,2";
			};
			name = Release;
		};
		04A6E549200DA218006256C9 /* Debug */ = {
			isa = XCBuildConfiguration;
			buildSettings = {
				BUNDLE_LOADER = "$(TEST_HOST)";
				CODE_SIGN_STYLE = Automatic;
				INFOPLIST_FILE = ALBaseProjectTests/Info.plist;
				LD_RUNPATH_SEARCH_PATHS = "$(inherited) @executable_path/Frameworks @loader_path/Frameworks";
				PRODUCT_BUNDLE_IDENTIFIER = com.al.ALBaseProjectTests;
				PRODUCT_NAME = "$(TARGET_NAME)";
				TARGETED_DEVICE_FAMILY = "1,2";
				TEST_HOST = "$(BUILT_PRODUCTS_DIR)/ALBaseProject.app/ALBaseProject";
			};
			name = Debug;
		};
		04A6E54A200DA218006256C9 /* Release */ = {
			isa = XCBuildConfiguration;
			buildSettings = {
				BUNDLE_LOADER = "$(TEST_HOST)";
				CODE_SIGN_STYLE = Automatic;
				INFOPLIST_FILE = ALBaseProjectTests/Info.plist;
				LD_RUNPATH_SEARCH_PATHS = "$(inherited) @executable_path/Frameworks @loader_path/Frameworks";
				PRODUCT_BUNDLE_IDENTIFIER = com.al.ALBaseProjectTests;
				PRODUCT_NAME = "$(TARGET_NAME)";
				TARGETED_DEVICE_FAMILY = "1,2";
				TEST_HOST = "$(BUILT_PRODUCTS_DIR)/ALBaseProject.app/ALBaseProject";
			};
			name = Release;
		};
		04A6E54C200DA218006256C9 /* Debug */ = {
			isa = XCBuildConfiguration;
			buildSettings = {
				CODE_SIGN_STYLE = Automatic;
				INFOPLIST_FILE = ALBaseProjectUITests/Info.plist;
				LD_RUNPATH_SEARCH_PATHS = "$(inherited) @executable_path/Frameworks @loader_path/Frameworks";
				PRODUCT_BUNDLE_IDENTIFIER = com.al.ALBaseProjectUITests;
				PRODUCT_NAME = "$(TARGET_NAME)";
				TARGETED_DEVICE_FAMILY = "1,2";
				TEST_TARGET_NAME = ALBaseProject;
			};
			name = Debug;
		};
		04A6E54D200DA218006256C9 /* Release */ = {
			isa = XCBuildConfiguration;
			buildSettings = {
				CODE_SIGN_STYLE = Automatic;
				INFOPLIST_FILE = ALBaseProjectUITests/Info.plist;
				LD_RUNPATH_SEARCH_PATHS = "$(inherited) @executable_path/Frameworks @loader_path/Frameworks";
				PRODUCT_BUNDLE_IDENTIFIER = com.al.ALBaseProjectUITests;
				PRODUCT_NAME = "$(TARGET_NAME)";
				TARGETED_DEVICE_FAMILY = "1,2";
				TEST_TARGET_NAME = ALBaseProject;
			};
			name = Release;
		};
/* End XCBuildConfiguration section */

/* Begin XCConfigurationList section */
		04A6E511200DA218006256C9 /* Build configuration list for PBXProject "ALBaseProject" */ = {
			isa = XCConfigurationList;
			buildConfigurations = (
				04A6E543200DA218006256C9 /* Debug */,
				04A6E544200DA218006256C9 /* Release */,
			);
			defaultConfigurationIsVisible = 0;
			defaultConfigurationName = Release;
		};
		04A6E545200DA218006256C9 /* Build configuration list for PBXNativeTarget "ALBaseProject" */ = {
			isa = XCConfigurationList;
			buildConfigurations = (
				04A6E546200DA218006256C9 /* Debug */,
				04A6E547200DA218006256C9 /* Release */,
			);
			defaultConfigurationIsVisible = 0;
			defaultConfigurationName = Release;
		};
		04A6E548200DA218006256C9 /* Build configuration list for PBXNativeTarget "ALBaseProjectTests" */ = {
			isa = XCConfigurationList;
			buildConfigurations = (
				04A6E549200DA218006256C9 /* Debug */,
				04A6E54A200DA218006256C9 /* Release */,
			);
			defaultConfigurationIsVisible = 0;
			defaultConfigurationName = Release;
		};
		04A6E54B200DA218006256C9 /* Build configuration list for PBXNativeTarget "ALBaseProjectUITests" */ = {
			isa = XCConfigurationList;
			buildConfigurations = (
				04A6E54C200DA218006256C9 /* Debug */,
				04A6E54D200DA218006256C9 /* Release */,
			);
			defaultConfigurationIsVisible = 0;
			defaultConfigurationName = Release;
		};
/* End XCConfigurationList section */

/* Begin XCVersionGroup section */
		04A6E522200DA218006256C9 /* ALBaseProject.xcdatamodeld */ = {
			isa = XCVersionGroup;
			children = (
				04A6E523200DA218006256C9 /* ALBaseProject.xcdatamodel */,
			);
			currentVersion = 04A6E523200DA218006256C9 /* ALBaseProject.xcdatamodel */;
			path = ALBaseProject.xcdatamodeld;
			sourceTree = "<group>";
			versionGroupType = wrapper.xcdatamodel;
		};
/* End XCVersionGroup section */
	};
	rootObject = 04A6E50E200DA218006256C9 /* Project object */;
}
